
Microsoft Visual Studio Solution File, Format Version 12.00
# Visual Studio 2013
VisualStudioVersion = 12.0.31101.0
MinimumVisualStudioVersion = 10.0.40219.1
Project("{FAE04EC0-301F-11D3-BF4B-00C04F79EFBC}") = "elp87.Finance", "elp87.Finance\elp87.Finance.csproj", "{53D80424-7867-4704-8994-9490B1AAAC22}"
EndProject
Project("{FAE04EC0-301F-11D3-BF4B-00C04F79EFBC}") = "Test.elp87.Finance", "Test.elp87.Finance\Test.elp87.Finance.csproj", "{B0302385-E6F8-415E-9C8B-5DB60407DDDF}"
EndProject
Global
	GlobalSection(SolutionConfigurationPlatforms) = preSolution
		Debug|Any CPU = Debug|Any CPU
		Release|Any CPU = Release|Any CPU
	EndGlobalSection
	GlobalSection(ProjectConfigurationPlatforms) = postSolution
		{53D80424-7867-4704-8994-9490B1AAAC22}.Debug|Any CPU.ActiveCfg = Debug|Any CPU
		{53D80424-7867-4704-8994-9490B1AAAC22}.Debug|Any CPU.Build.0 = Debug|Any CPU
		{53D80424-7867-4704-8994-9490B1AAAC22}.Release|Any CPU.ActiveCfg = Release|Any CPU
		{53D80424-7867-4704-8994-9490B1AAAC22}.Release|Any CPU.Build.0 = Release|Any CPU
		{B0302385-E6F8-415E-9C8B-5DB60407DDDF}.Debug|Any CPU.ActiveCfg = Debug|Any CPU
		{B0302385-E6F8-415E-9C8B-5DB60407DDDF}.Debug|Any CPU.Build.0 = Debug|Any CPU
		{B0302385-E6F8-415E-9C8B-5DB60407DDDF}.Release|Any CPU.ActiveCfg = Release|Any CPU
		{B0302385-E6F8-415E-9C8B-5DB60407DDDF}.Release|Any CPU.Build.0 = Release|Any CPU
	EndGlobalSection
	GlobalSection(SolutionProperties) = preSolution
		HideSolutionNode = FALSE
	EndGlobalSection
	GlobalSection(ExtensibilityGlobals) = postSolution
		AssemblyInfoVersionSettings = 
		AssemblyFileVersionSettings = 
		AssemblyVersionSettings = 
		UpdateAssemblyInfoVersion = False
		UpdateAssemblyFileVersion = False
		UpdateAssemblyVersion = False
		AssemblyInfoFilePath = 
		ConfigurationFilter = 
	EndGlobalSection
EndGlobal
